// !$*UTF8*$!
{
	archiveVersion = 1;
	classes = {
	};
	objectVersion = 50;
	objects = {

/* Begin PBXBuildFile section */
		08AE5E8021AD230C00661CEA /* AppDelegate.m in Sources */ = {isa = PBXBuildFile; fileRef = 08AE5E7F21AD230C00661CEA /* AppDelegate.m */; };
		08AE5E8321AD230C00661CEA /* ViewController.m in Sources */ = {isa = PBXBuildFile; fileRef = 08AE5E8221AD230C00661CEA /* ViewController.m */; };
		08AE5E8621AD230C00661CEA /* Main.storyboard in Resources */ = {isa = PBXBuildFile; fileRef = 08AE5E8421AD230C00661CEA /* Main.storyboard */; };
		08AE5E8821AD230D00661CEA /* Assets.xcassets in Resources */ = {isa = PBXBuildFile; fileRef = 08AE5E8721AD230D00661CEA /* Assets.xcassets */; };
		08AE5E8B21AD230D00661CEA /* LaunchScreen.storyboard in Resources */ = {isa = PBXBuildFile; fileRef = 08AE5E8921AD230D00661CEA /* LaunchScreen.storyboard */; };
		08AE5E8E21AD230D00661CEA /* main.m in Sources */ = {isa = PBXBuildFile; fileRef = 08AE5E8D21AD230D00661CEA /* main.m */; };
		08AE5E9821AD230D00661CEA /* app1Tests.m in Sources */ = {isa = PBXBuildFile; fileRef = 08AE5E9721AD230D00661CEA /* app1Tests.m */; };
		08AE5EA321AD230D00661CEA /* app1UITests.m in Sources */ = {isa = PBXBuildFile; fileRef = 08AE5EA221AD230D00661CEA /* app1UITests.m */; };
		08AE5F0821AD266D00661CEA /* text2OBJ.m in Sources */ = {isa = PBXBuildFile; fileRef = 08AE5F0721AD266D00661CEA /* text2OBJ.m */; };
		398B187A12DDDA27906F9218 /* libPods-app1.a in Frameworks */ = {isa = PBXBuildFile; fileRef = 072A74D9D3A3239AB8BAE913 /* libPods-app1.a */; };
/* End PBXBuildFile section */

/* Begin PBXContainerItemProxy section */
		08AE5E9421AD230D00661CEA /* PBXContainerItemProxy */ = {
			isa = PBXContainerItemProxy;
			containerPortal = 08AE5E7321AD230C00661CEA /* Project object */;
			proxyType = 1;
			remoteGlobalIDString = 08AE5E7A21AD230C00661CEA;
			remoteInfo = app1;
		};
		08AE5E9F21AD230D00661CEA /* PBXContainerItemProxy */ = {
			isa = PBXContainerItemProxy;
			containerPortal = 08AE5E7321AD230C00661CEA /* Project object */;
			proxyType = 1;
			remoteGlobalIDString = 08AE5E7A21AD230C00661CEA;
			remoteInfo = app1;
		};
/* End PBXContainerItemProxy section */

/* Begin PBXFileReference section */
		072A74D9D3A3239AB8BAE913 /* libPods-app1.a */ = {isa = PBXFileReference; explicitFileType = archive.ar; includeInIndex = 0; path = "libPods-app1.a"; sourceTree = BUILT_PRODUCTS_DIR; };
		08AE5E7B21AD230C00661CEA /* app1.app */ = {isa = PBXFileReference; explicitFileType = wrapper.application; includeInIndex = 0; path = app1.app; sourceTree = BUILT_PRODUCTS_DIR; };
		08AE5E7E21AD230C00661CEA /* AppDelegate.h */ = {isa = PBXFileReference; lastKnownFileType = sourcecode.c.h; path = AppDelegate.h; sourceTree = "<group>"; };
		08AE5E7F21AD230C00661CEA /* AppDelegate.m */ = {isa = PBXFileReference; lastKnownFileType = sourcecode.c.objc; path = AppDelegate.m; sourceTree = "<group>"; };
		08AE5E8121AD230C00661CEA /* ViewController.h */ = {isa = PBXFileReference; lastKnownFileType = sourcecode.c.h; path = ViewController.h; sourceTree = "<group>"; };
		08AE5E8221AD230C00661CEA /* ViewController.m */ = {isa = PBXFileReference; lastKnownFileType = sourcecode.c.objc; path = ViewController.m; sourceTree = "<group>"; };
		08AE5E8521AD230C00661CEA /* Base */ = {isa = PBXFileReference; lastKnownFileType = file.storyboard; name = Base; path = Base.lproj/Main.storyboard; sourceTree = "<group>"; };
		08AE5E8721AD230D00661CEA /* Assets.xcassets */ = {isa = PBXFileReference; lastKnownFileType = folder.assetcatalog; path = Assets.xcassets; sourceTree = "<group>"; };
		08AE5E8A21AD230D00661CEA /* Base */ = {isa = PBXFileReference; lastKnownFileType = file.storyboard; name = Base; path = Base.lproj/LaunchScreen.storyboard; sourceTree = "<group>"; };
		08AE5E8C21AD230D00661CEA /* Info.plist */ = {isa = PBXFileReference; lastKnownFileType = text.plist.xml; path = Info.plist; sourceTree = "<group>"; };
		08AE5E8D21AD230D00661CEA /* main.m */ = {isa = PBXFileReference; lastKnownFileType = sourcecode.c.objc; path = main.m; sourceTree = "<group>"; };
		08AE5E9321AD230D00661CEA /* app1Tests.xctest */ = {isa = PBXFileReference; explicitFileType = wrapper.cfbundle; includeInIndex = 0; path = app1Tests.xctest; sourceTree = BUILT_PRODUCTS_DIR; };
		08AE5E9721AD230D00661CEA /* app1Tests.m */ = {isa = PBXFileReference; lastKnownFileType = sourcecode.c.objc; path = app1Tests.m; sourceTree = "<group>"; };
		08AE5E9921AD230D00661CEA /* Info.plist */ = {isa = PBXFileReference; lastKnownFileType = text.plist.xml; path = Info.plist; sourceTree = "<group>"; };
		08AE5E9E21AD230D00661CEA /* app1UITests.xctest */ = {isa = PBXFileReference; explicitFileType = wrapper.cfbundle; includeInIndex = 0; path = app1UITests.xctest; sourceTree = BUILT_PRODUCTS_DIR; };
		08AE5EA221AD230D00661CEA /* app1UITests.m */ = {isa = PBXFileReference; lastKnownFileType = sourcecode.c.objc; path = app1UITests.m; sourceTree = "<group>"; };
		08AE5EA421AD230D00661CEA /* Info.plist */ = {isa = PBXFileReference; lastKnownFileType = text.plist.xml; path = Info.plist; sourceTree = "<group>"; };
		08AE5F0621AD266D00661CEA /* text2OBJ.h */ = {isa = PBXFileReference; lastKnownFileType = sourcecode.c.h; path = text2OBJ.h; sourceTree = "<group>"; };
		08AE5F0721AD266D00661CEA /* text2OBJ.m */ = {isa = PBXFileReference; lastKnownFileType = sourcecode.c.objc; path = text2OBJ.m; sourceTree = "<group>"; };
		27468A52B900ECBF31CAC027 /* Pods-app1.release.xcconfig */ = {isa = PBXFileReference; includeInIndex = 1; lastKnownFileType = text.xcconfig; name = "Pods-app1.release.xcconfig"; path = "../Pods/Target Support Files/Pods-app1/Pods-app1.release.xcconfig"; sourceTree = "<group>"; };
		E2A3E953193DB60768D0DAA7 /* Pods-app1.debug.xcconfig */ = {isa = PBXFileReference; includeInIndex = 1; lastKnownFileType = text.xcconfig; name = "Pods-app1.debug.xcconfig"; path = "../Pods/Target Support Files/Pods-app1/Pods-app1.debug.xcconfig"; sourceTree = "<group>"; };
/* End PBXFileReference section */

/* Begin PBXFrameworksBuildPhase section */
		08AE5E7821AD230C00661CEA /* Frameworks */ = {
			isa = PBXFrameworksBuildPhase;
			buildActionMask = 2147483647;
			files = (
				398B187A12DDDA27906F9218 /* libPods-app1.a in Frameworks */,
			);
			runOnlyForDeploymentPostprocessing = 0;
		};
		08AE5E9021AD230D00661CEA /* Frameworks */ = {
			isa = PBXFrameworksBuildPhase;
			buildActionMask = 2147483647;
			files = (
			);
			runOnlyForDeploymentPostprocessing = 0;
		};
		08AE5E9B21AD230D00661CEA /* Frameworks */ = {
			isa = PBXFrameworksBuildPhase;
			buildActionMask = 2147483647;
			files = (
			);
			runOnlyForDeploymentPostprocessing = 0;
		};
/* End PBXFrameworksBuildPhase section */

/* Begin PBXGroup section */
		08AE5E7221AD230C00661CEA = {
			isa = PBXGroup;
			children = (
				08AE5E7D21AD230C00661CEA /* app1 */,
				08AE5E9621AD230D00661CEA /* app1Tests */,
				08AE5EA121AD230D00661CEA /* app1UITests */,
				08AE5E7C21AD230C00661CEA /* Products */,
				C4B734DE7D2496A6F3B39243 /* Pods */,
				44F75EFA4A3EC6E862EA7BEE /* Frameworks */,
			);
			sourceTree = "<group>";
		};
		08AE5E7C21AD230C00661CEA /* Products */ = {
			isa = PBXGroup;
			children = (
				08AE5E7B21AD230C00661CEA /* app1.app */,
				08AE5E9321AD230D00661CEA /* app1Tests.xctest */,
				08AE5E9E21AD230D00661CEA /* app1UITests.xctest */,
			);
			name = Products;
			sourceTree = "<group>";
		};
		08AE5E7D21AD230C00661CEA /* app1 */ = {
			isa = PBXGroup;
			children = (
				08AE5E7E21AD230C00661CEA /* AppDelegate.h */,
				08AE5E7F21AD230C00661CEA /* AppDelegate.m */,
				08AE5E8121AD230C00661CEA /* ViewController.h */,
				08AE5E8221AD230C00661CEA /* ViewController.m */,
				08AE5E8421AD230C00661CEA /* Main.storyboard */,
				08AE5E8721AD230D00661CEA /* Assets.xcassets */,
				08AE5E8921AD230D00661CEA /* LaunchScreen.storyboard */,
				08AE5E8C21AD230D00661CEA /* Info.plist */,
				08AE5E8D21AD230D00661CEA /* main.m */,
				08AE5F0621AD266D00661CEA /* text2OBJ.h */,
				08AE5F0721AD266D00661CEA /* text2OBJ.m */,
			);
			path = app1;
			sourceTree = "<group>";
		};
		08AE5E9621AD230D00661CEA /* app1Tests */ = {
			isa = PBXGroup;
			children = (
				08AE5E9721AD230D00661CEA /* app1Tests.m */,
				08AE5E9921AD230D00661CEA /* Info.plist */,
			);
			path = app1Tests;
			sourceTree = "<group>";
		};
		08AE5EA121AD230D00661CEA /* app1UITests */ = {
			isa = PBXGroup;
			children = (
				08AE5EA221AD230D00661CEA /* app1UITests.m */,
				08AE5EA421AD230D00661CEA /* Info.plist */,
			);
			path = app1UITests;
			sourceTree = "<group>";
		};
		44F75EFA4A3EC6E862EA7BEE /* Frameworks */ = {
			isa = PBXGroup;
			children = (
				072A74D9D3A3239AB8BAE913 /* libPods-app1.a */,
			);
			name = Frameworks;
			sourceTree = "<group>";
		};
		C4B734DE7D2496A6F3B39243 /* Pods */ = {
			isa = PBXGroup;
			children = (
				E2A3E953193DB60768D0DAA7 /* Pods-app1.debug.xcconfig */,
				27468A52B900ECBF31CAC027 /* Pods-app1.release.xcconfig */,
			);
			name = Pods;
			sourceTree = "<group>";
		};
/* End PBXGroup section */

/* Begin PBXNativeTarget section */
		08AE5E7A21AD230C00661CEA /* app1 */ = {
			isa = PBXNativeTarget;
			buildConfigurationList = 08AE5EA721AD230D00661CEA /* Build configuration list for PBXNativeTarget "app1" */;
			buildPhases = (
				21F70B6798307E563A9489E1 /* [CP] Check Pods Manifest.lock */,
				08AE5E7721AD230C00661CEA /* Sources */,
				08AE5E7821AD230C00661CEA /* Frameworks */,
				08AE5E7921AD230C00661CEA /* Resources */,
				DFAA8FC9BE6868A5AE2223BD /* [CP] Copy Pods Resources */,
			);
			buildRules = (
			);
			dependencies = (
			);
			name = app1;
			productName = app1;
			productReference = 08AE5E7B21AD230C00661CEA /* app1.app */;
			productType = "com.apple.product-type.application";
		};
		08AE5E9221AD230D00661CEA /* app1Tests */ = {
			isa = PBXNativeTarget;
			buildConfigurationList = 08AE5EAA21AD230D00661CEA /* Build configuration list for PBXNativeTarget "app1Tests" */;
			buildPhases = (
				08AE5E8F21AD230D00661CEA /* Sources */,
				08AE5E9021AD230D00661CEA /* Frameworks */,
				08AE5E9121AD230D00661CEA /* Resources */,
			);
			buildRules = (
			);
			dependencies = (
				08AE5E9521AD230D00661CEA /* PBXTargetDependency */,
			);
			name = app1Tests;
			productName = app1Tests;
			productReference = 08AE5E9321AD230D00661CEA /* app1Tests.xctest */;
			productType = "com.apple.product-type.bundle.unit-test";
		};
		08AE5E9D21AD230D00661CEA /* app1UITests */ = {
			isa = PBXNativeTarget;
			buildConfigurationList = 08AE5EAD21AD230D00661CEA /* Build configuration list for PBXNativeTarget "app1UITests" */;
			buildPhases = (
				08AE5E9A21AD230D00661CEA /* Sources */,
				08AE5E9B21AD230D00661CEA /* Frameworks */,
				08AE5E9C21AD230D00661CEA /* Resources */,
			);
			buildRules = (
			);
			dependencies = (
				08AE5EA021AD230D00661CEA /* PBXTargetDependency */,
			);
			name = app1UITests;
			productName = app1UITests;
			productReference = 08AE5E9E21AD230D00661CEA /* app1UITests.xctest */;
			productType = "com.apple.product-type.bundle.ui-testing";
		};
/* End PBXNativeTarget section */

/* Begin PBXProject section */
		08AE5E7321AD230C00661CEA /* Project object */ = {
			isa = PBXProject;
			attributes = {
				LastUpgradeCheck = 1010;
				ORGANIZATIONNAME = "付金亮";
				TargetAttributes = {
					08AE5E7A21AD230C00661CEA = {
						CreatedOnToolsVersion = 10.1;
					};
					08AE5E9221AD230D00661CEA = {
						CreatedOnToolsVersion = 10.1;
						TestTargetID = 08AE5E7A21AD230C00661CEA;
					};
					08AE5E9D21AD230D00661CEA = {
						CreatedOnToolsVersion = 10.1;
						TestTargetID = 08AE5E7A21AD230C00661CEA;
					};
				};
			};
			buildConfigurationList = 08AE5E7621AD230C00661CEA /* Build configuration list for PBXProject "app1" */;
			compatibilityVersion = "Xcode 9.3";
			developmentRegion = en;
			hasScannedForEncodings = 0;
			knownRegions = (
				en,
				Base,
			);
			mainGroup = 08AE5E7221AD230C00661CEA;
			productRefGroup = 08AE5E7C21AD230C00661CEA /* Products */;
			projectDirPath = "";
			projectRoot = "";
			targets = (
				08AE5E7A21AD230C00661CEA /* app1 */,
				08AE5E9221AD230D00661CEA /* app1Tests */,
				08AE5E9D21AD230D00661CEA /* app1UITests */,
			);
		};
/* End PBXProject section */

/* Begin PBXResourcesBuildPhase section */
		08AE5E7921AD230C00661CEA /* Resources */ = {
			isa = PBXResourcesBuildPhase;
			buildActionMask = 2147483647;
			files = (
				08AE5E8B21AD230D00661CEA /* LaunchScreen.storyboard in Resources */,
				08AE5E8821AD230D00661CEA /* Assets.xcassets in Resources */,
				08AE5E8621AD230C00661CEA /* Main.storyboard in Resources */,
			);
			runOnlyForDeploymentPostprocessing = 0;
		};
		08AE5E9121AD230D00661CEA /* Resources */ = {
			isa = PBXResourcesBuildPhase;
			buildActionMask = 2147483647;
			files = (
			);
			runOnlyForDeploymentPostprocessing = 0;
		};
		08AE5E9C21AD230D00661CEA /* Resources */ = {
			isa = PBXResourcesBuildPhase;
			buildActionMask = 2147483647;
			files = (
			);
			runOnlyForDeploymentPostprocessing = 0;
		};
/* End PBXResourcesBuildPhase section */

/* Begin PBXShellScriptBuildPhase section */
		21F70B6798307E563A9489E1 /* [CP] Check Pods Manifest.lock */ = {
			isa = PBXShellScriptBuildPhase;
			buildActionMask = 2147483647;
			files = (
			);
			inputFileListPaths = (
			);
			inputPaths = (
				"${PODS_PODFILE_DIR_PATH}/Podfile.lock",
				"${PODS_ROOT}/Manifest.lock",
			);
			name = "[CP] Check Pods Manifest.lock";
			outputFileListPaths = (
			);
			outputPaths = (
				"$(DERIVED_FILE_DIR)/Pods-app1-checkManifestLockResult.txt",
			);
			runOnlyForDeploymentPostprocessing = 0;
			shellPath = /bin/sh;
			shellScript = "diff \"${PODS_PODFILE_DIR_PATH}/Podfile.lock\" \"${PODS_ROOT}/Manifest.lock\" > /dev/null\nif [ $? != 0 ] ; then\n    # print error to STDERR\n    echo \"error: The sandbox is not in sync with the Podfile.lock. Run 'pod install' or update your CocoaPods installation.\" >&2\n    exit 1\nfi\n# This output is used by Xcode 'outputs' to avoid re-running this script phase.\necho \"SUCCESS\" > \"${SCRIPT_OUTPUT_FILE_0}\"\n";
			showEnvVarsInLog = 0;
		};
		DFAA8FC9BE6868A5AE2223BD /* [CP] Copy Pods Resources */ = {
			isa = PBXShellScriptBuildPhase;
			buildActionMask = 2147483647;
			files = (
			);
			inputFileListPaths = (
			);
			inputPaths = (
				"${SRCROOT}/../Pods/Target Support Files/Pods-app1/Pods-app1-resources.sh",
				"${PODS_CONFIGURATION_BUILD_DIR}/Stripe/Stripe.bundle",
			);
			name = "[CP] Copy Pods Resources";
			outputFileListPaths = (
			);
			outputPaths = (
				"${TARGET_BUILD_DIR}/${UNLOCALIZED_RESOURCES_FOLDER_PATH}/Stripe.bundle",
			);
			runOnlyForDeploymentPostprocessing = 0;
			shellPath = /bin/sh;
			shellScript = "\"${SRCROOT}/../Pods/Target Support Files/Pods-app1/Pods-app1-resources.sh\"\n";
			showEnvVarsInLog = 0;
		};
/* End PBXShellScriptBuildPhase section */

/* Begin PBXSourcesBuildPhase section */
		08AE5E7721AD230C00661CEA /* Sources */ = {
			isa = PBXSourcesBuildPhase;
			buildActionMask = 2147483647;
			files = (
				08AE5E8321AD230C00661CEA /* ViewController.m in Sources */,
				08AE5E8E21AD230D00661CEA /* main.m in Sources */,
				08AE5E8021AD230C00661CEA /* AppDelegate.m in Sources */,
				08AE5F0821AD266D00661CEA /* text2OBJ.m in Sources */,
			);
			runOnlyForDeploymentPostprocessing = 0;
		};
		08AE5E8F21AD230D00661CEA /* Sources */ = {
			isa = PBXSourcesBuildPhase;
			buildActionMask = 2147483647;
			files = (
				08AE5E9821AD230D00661CEA /* app1Tests.m in Sources */,
			);
			runOnlyForDeploymentPostprocessing = 0;
		};
		08AE5E9A21AD230D00661CEA /* Sources */ = {
			isa = PBXSourcesBuildPhase;
			buildActionMask = 2147483647;
			files = (
				08AE5EA321AD230D00661CEA /* app1UITests.m in Sources */,
			);
			runOnlyForDeploymentPostprocessing = 0;
		};
/* End PBXSourcesBuildPhase section */

/* Begin PBXTargetDependency section */
		08AE5E9521AD230D00661CEA /* PBXTargetDependency */ = {
			isa = PBXTargetDependency;
			target = 08AE5E7A21AD230C00661CEA /* app1 */;
			targetProxy = 08AE5E9421AD230D00661CEA /* PBXContainerItemProxy */;
		};
		08AE5EA021AD230D00661CEA /* PBXTargetDependency */ = {
			isa = PBXTargetDependency;
			target = 08AE5E7A21AD230C00661CEA /* app1 */;
			targetProxy = 08AE5E9F21AD230D00661CEA /* PBXContainerItemProxy */;
		};
/* End PBXTargetDependency section */

/* Begin PBXVariantGroup section */
		08AE5E8421AD230C00661CEA /* Main.storyboard */ = {
			isa = PBXVariantGroup;
			children = (
				08AE5E8521AD230C00661CEA /* Base */,
			);
			name = Main.storyboard;
			sourceTree = "<group>";
		};
		08AE5E8921AD230D00661CEA /* LaunchScreen.storyboard */ = {
			isa = PBXVariantGroup;
			children = (
				08AE5E8A21AD230D00661CEA /* Base */,
			);
			name = LaunchScreen.storyboard;
			sourceTree = "<group>";
		};
/* End PBXVariantGroup section */

/* Begin XCBuildConfiguration section */
		08AE5EA521AD230D00661CEA /* Debug */ = {
			isa = XCBuildConfiguration;
			buildSettings = {
				ALWAYS_SEARCH_USER_PATHS = NO;
				CLANG_ANALYZER_NONNULL = YES;
				CLANG_ANALYZER_NUMBER_OBJECT_CONVERSION = YES_AGGRESSIVE;
				CLANG_CXX_LANGUAGE_STANDARD = "gnu++14";
				CLANG_CXX_LIBRARY = "libc++";
				CLANG_ENABLE_MODULES = YES;
				CLANG_ENABLE_OBJC_ARC = YES;
				CLANG_ENABLE_OBJC_WEAK = YES;
				CLANG_WARN_BLOCK_CAPTURE_AUTORELEASING = YES;
				CLANG_WARN_BOOL_CONVERSION = YES;
				CLANG_WARN_COMMA = YES;
				CLANG_WARN_CONSTANT_CONVERSION = YES;
				CLANG_WARN_DEPRECATED_OBJC_IMPLEMENTATIONS = YES;
				CLANG_WARN_DIRECT_OBJC_ISA_USAGE = YES_ERROR;
				CLANG_WARN_DOCUMENTATION_COMMENTS = YES;
				CLANG_WARN_EMPTY_BODY = YES;
				CLANG_WARN_ENUM_CONVERSION = YES;
				CLANG_WARN_INFINITE_RECURSION = YES;
				CLANG_WARN_INT_CONVERSION = YES;
				CLANG_WARN_NON_LITERAL_NULL_CONVERSION = YES;
				CLANG_WARN_OBJC_IMPLICIT_RETAIN_SELF = YES;
				CLANG_WARN_OBJC_LITERAL_CONVERSION = YES;
				CLANG_WARN_OBJC_ROOT_CLASS = YES_ERROR;
				CLANG_WARN_RANGE_LOOP_ANALYSIS = YES;
				CLANG_WARN_STRICT_PROTOTYPES = YES;
				CLANG_WARN_SUSPICIOUS_MOVE = YES;
				CLANG_WARN_UNGUARDED_AVAILABILITY = YES_AGGRESSIVE;
				CLANG_WARN_UNREACHABLE_CODE = YES;
				CLANG_WARN__DUPLICATE_METHOD_MATCH = YES;
				CODE_SIGN_IDENTITY = "iPhone Developer";
				COPY_PHASE_STRIP = NO;
				DEBUG_INFORMATION_FORMAT = dwarf;
				ENABLE_STRICT_OBJC_MSGSEND = YES;
				ENABLE_TESTABILITY = YES;
				GCC_C_LANGUAGE_STANDARD = gnu11;
				GCC_DYNAMIC_NO_PIC = NO;
				GCC_NO_COMMON_BLOCKS = YES;
				GCC_OPTIMIZATION_LEVEL = 0;
				GCC_PREPROCESSOR_DEFINITIONS = (
					"DEBUG=1",
					"$(inherited)",
				);
				GCC_WARN_64_TO_32_BIT_CONVERSION = YES;
				GCC_WARN_ABOUT_RETURN_TYPE = YES_ERROR;
				GCC_WARN_UNDECLARED_SELECTOR = YES;
				GCC_WARN_UNINITIALIZED_AUTOS = YES_AGGRESSIVE;
				GCC_WARN_UNUSED_FUNCTION = YES;
				GCC_WARN_UNUSED_VARIABLE = YES;
				IPHONEOS_DEPLOYMENT_TARGET = 12.1;
				MTL_ENABLE_DEBUG_INFO = INCLUDE_SOURCE;
				MTL_FAST_MATH = YES;
				ONLY_ACTIVE_ARCH = YES;
				SDKROOT = iphoneos;
			};
			name = Debug;
		};
		08AE5EA621AD230D00661CEA /* Release */ = {
			isa = XCBuildConfiguration;
			buildSettings = {
				ALWAYS_SEARCH_USER_PATHS = NO;
				CLANG_ANALYZER_NONNULL = YES;
				CLANG_ANALYZER_NUMBER_OBJECT_CONVERSION = YES_AGGRESSIVE;
				CLANG_CXX_LANGUAGE_STANDARD = "gnu++14";
				CLANG_CXX_LIBRARY = "libc++";
				CLANG_ENABLE_MODULES = YES;
				CLANG_ENABLE_OBJC_ARC = YES;
				CLANG_ENABLE_OBJC_WEAK = YES;
				CLANG_WARN_BLOCK_CAPTURE_AUTORELEASING = YES;
				CLANG_WARN_BOOL_CONVERSION = YES;
				CLANG_WARN_COMMA = YES;
				CLANG_WARN_CONSTANT_CONVERSION = YES;
				CLANG_WARN_DEPRECATED_OBJC_IMPLEMENTATIONS = YES;
				CLANG_WARN_DIRECT_OBJC_ISA_USAGE = YES_ERROR;
				CLANG_WARN_DOCUMENTATION_COMMENTS = YES;
				CLANG_WARN_EMPTY_BODY = YES;
				CLANG_WARN_ENUM_CONVERSION = YES;
				CLANG_WARN_INFINITE_RECURSION = YES;
				CLANG_WARN_INT_CONVERSION = YES;
				CLANG_WARN_NON_LITERAL_NULL_CONVERSION = YES;
				CLANG_WARN_OBJC_IMPLICIT_RETAIN_SELF = YES;
				CLANG_WARN_OBJC_LITERAL_CONVERSION = YES;
				CLANG_WARN_OBJC_ROOT_CLASS = YES_ERROR;
				CLANG_WARN_RANGE_LOOP_ANALYSIS = YES;
				CLANG_WARN_STRICT_PROTOTYPES = YES;
				CLANG_WARN_SUSPICIOUS_MOVE = YES;
				CLANG_WARN_UNGUARDED_AVAILABILITY = YES_AGGRESSIVE;
				CLANG_WARN_UNREACHABLE_CODE = YES;
				CLANG_WARN__DUPLICATE_METHOD_MATCH = YES;
				CODE_SIGN_IDENTITY = "iPhone Developer";
				COPY_PHASE_STRIP = NO;
				DEBUG_INFORMATION_FORMAT = "dwarf-with-dsym";
				ENABLE_NS_ASSERTIONS = NO;
				ENABLE_STRICT_OBJC_MSGSEND = YES;
				GCC_C_LANGUAGE_STANDARD = gnu11;
				GCC_NO_COMMON_BLOCKS = YES;
				GCC_WARN_64_TO_32_BIT_CONVERSION = YES;
				GCC_WARN_ABOUT_RETURN_TYPE = YES_ERROR;
				GCC_WARN_UNDECLARED_SELECTOR = YES;
				GCC_WARN_UNINITIALIZED_AUTOS = YES_AGGRESSIVE;
				GCC_WARN_UNUSED_FUNCTION = YES;
				GCC_WARN_UNUSED_VARIABLE = YES;
				IPHONEOS_DEPLOYMENT_TARGET = 12.1;
				MTL_ENABLE_DEBUG_INFO = NO;
				MTL_FAST_MATH = YES;
				SDKROOT = iphoneos;
				VALIDATE_PRODUCT = YES;
			};
			name = Release;
		};
		08AE5EA821AD230D00661CEA /* Debug */ = {
			isa = XCBuildConfiguration;
			baseConfigurationReference = E2A3E953193DB60768D0DAA7 /* Pods-app1.debug.xcconfig */;
			buildSettings = {
				ASSETCATALOG_COMPILER_APPICON_NAME = AppIcon;
				CODE_SIGN_STYLE = Automatic;
				DEVELOPMENT_TEAM = BBHX4KY824;
				HEADER_SEARCH_PATHS = (
					"$(inherited)",
					"\"${PODS_ROOT}/Headers/Public\"",
					"\"${PODS_ROOT}/Headers/Public/AFNetworking\"",
					"\"${PODS_ROOT}/Headers/Public/SDWebImage\"",
					"\"${PODS_ROOT}/Headers/Public/Stripe\"",
					"$(SRCROOT)/../app2",
				);
				INFOPLIST_FILE = app1/Info.plist;
				LD_RUNPATH_SEARCH_PATHS = (
					"$(inherited)",
					"@executable_path/Frameworks",
				);
				PRODUCT_BUNDLE_IDENTIFIER = "com.gse.main-app.app1";
				PRODUCT_NAME = "$(TARGET_NAME)";
				TARGETED_DEVICE_FAMILY = "1,2";
			};
			name = Debug;
		};
		08AE5EA921AD230D00661CEA /* Release */ = {
			isa = XCBuildConfiguration;
			baseConfigurationReference = 27468A52B900ECBF31CAC027 /* Pods-app1.release.xcconfig */;
			buildSettings = {
				ASSETCATALOG_COMPILER_APPICON_NAME = AppIcon;
				CODE_SIGN_STYLE = Automatic;
				DEVELOPMENT_TEAM = BBHX4KY824;
				HEADER_SEARCH_PATHS = (
					"$(inherited)",
					"\"${PODS_ROOT}/Headers/Public\"",
					"\"${PODS_ROOT}/Headers/Public/AFNetworking\"",
					"\"${PODS_ROOT}/Headers/Public/SDWebImage\"",
					"\"${PODS_ROOT}/Headers/Public/Stripe\"",
					"$(SRCROOT)/../app2",
				);
				INFOPLIST_FILE = app1/Info.plist;
				LD_RUNPATH_SEARCH_PATHS = (
					"$(inherited)",
					"@executable_path/Frameworks",
				);
				PRODUCT_BUNDLE_IDENTIFIER = "com.gse.main-app.app1";
				PRODUCT_NAME = "$(TARGET_NAME)";
				TARGETED_DEVICE_FAMILY = "1,2";
			};
			name = Release;
		};
		08AE5EAB21AD230D00661CEA /* Debug */ = {
			isa = XCBuildConfiguration;
			buildSettings = {
				BUNDLE_LOADER = "$(TEST_HOST)";
				CODE_SIGN_STYLE = Automatic;
				DEVELOPMENT_TEAM = BBHX4KY824;
				INFOPLIST_FILE = app1Tests/Info.plist;
				LD_RUNPATH_SEARCH_PATHS = (
					"$(inherited)",
					"@executable_path/Frameworks",
					"@loader_path/Frameworks",
				);
				PRODUCT_BUNDLE_IDENTIFIER = "com.gse.main-app.app1Tests";
				PRODUCT_NAME = "$(TARGET_NAME)";
				TARGETED_DEVICE_FAMILY = "1,2";
				TEST_HOST = "$(BUILT_PRODUCTS_DIR)/app1.app/app1";
			};
			name = Debug;
		};
		08AE5EAC21AD230D00661CEA /* Release */ = {
			isa = XCBuildConfiguration;
			buildSettings = {
				BUNDLE_LOADER = "$(TEST_HOST)";
				CODE_SIGN_STYLE = Automatic;
				DEVELOPMENT_TEAM = BBHX4KY824;
				INFOPLIST_FILE = app1Tests/Info.plist;
				LD_RUNPATH_SEARCH_PATHS = (
					"$(inherited)",
					"@executable_path/Frameworks",
					"@loader_path/Frameworks",
				);
				PRODUCT_BUNDLE_IDENTIFIER = "com.gse.main-app.app1Tests";
				PRODUCT_NAME = "$(TARGET_NAME)";
				TARGETED_DEVICE_FAMILY = "1,2";
				TEST_HOST = "$(BUILT_PRODUCTS_DIR)/app1.app/app1";
			};
			name = Release;
		};
		08AE5EAE21AD230D00661CEA /* Debug */ = {
			isa = XCBuildConfiguration;
			buildSettings = {
				CODE_SIGN_STYLE = Automatic;
				DEVELOPMENT_TEAM = BBHX4KY824;
				INFOPLIST_FILE = app1UITests/Info.plist;
				LD_RUNPATH_SEARCH_PATHS = (
					"$(inherited)",
					"@executable_path/Frameworks",
					"@loader_path/Frameworks",
				);
				PRODUCT_BUNDLE_IDENTIFIER = "com.gse.main-app.app1UITests";
				PRODUCT_NAME = "$(TARGET_NAME)";
				TARGETED_DEVICE_FAMILY = "1,2";
				TEST_TARGET_NAME = app1;
			};
			name = Debug;
		};
		08AE5EAF21AD230D00661CEA /* Release */ = {
			isa = XCBuildConfiguration;
			buildSettings = {
				CODE_SIGN_STYLE = Automatic;
				DEVELOPMENT_TEAM = BBHX4KY824;
				INFOPLIST_FILE = app1UITests/Info.plist;
				LD_RUNPATH_SEARCH_PATHS = (
					"$(inherited)",
					"@executable_path/Frameworks",
					"@loader_path/Frameworks",
				);
				PRODUCT_BUNDLE_IDENTIFIER = "com.gse.main-app.app1UITests";
				PRODUCT_NAME = "$(TARGET_NAME)";
				TARGETED_DEVICE_FAMILY = "1,2";
				TEST_TARGET_NAME = app1;
			};
			name = Release;
		};
/* End XCBuildConfiguration section */

/* Begin XCConfigurationList section */
		08AE5E7621AD230C00661CEA /* Build configuration list for PBXProject "app1" */ = {
			isa = XCConfigurationList;
			buildConfigurations = (
				08AE5EA521AD230D00661CEA /* Debug */,
				08AE5EA621AD230D00661CEA /* Release */,
			);
			defaultConfigurationIsVisible = 0;
			defaultConfigurationName = Release;
		};
		08AE5EA721AD230D00661CEA /* Build configuration list for PBXNativeTarget "app1" */ = {
			isa = XCConfigurationList;
			buildConfigurations = (
				08AE5EA821AD230D00661CEA /* Debug */,
				08AE5EA921AD230D00661CEA /* Release */,
			);
			defaultConfigurationIsVisible = 0;
			defaultConfigurationName = Release;
		};
		08AE5EAA21AD230D00661CEA /* Build configuration list for PBXNativeTarget "app1Tests" */ = {
			isa = XCConfigurationList;
			buildConfigurations = (
				08AE5EAB21AD230D00661CEA /* Debug */,
				08AE5EAC21AD230D00661CEA /* Release */,
			);
			defaultConfigurationIsVisible = 0;
			defaultConfigurationName = Release;
		};
		08AE5EAD21AD230D00661CEA /* Build configuration list for PBXNativeTarget "app1UITests" */ = {
			isa = XCConfigurationList;
			buildConfigurations = (
				08AE5EAE21AD230D00661CEA /* Debug */,
				08AE5EAF21AD230D00661CEA /* Release */,
			);
			defaultConfigurationIsVisible = 0;
			defaultConfigurationName = Release;
		};
/* End XCConfigurationList section */
	};
	rootObject = 08AE5E7321AD230C00661CEA /* Project object */;
}
